<?xml version="1.0" encoding="UTF-8" standalone="yes" ?>
<CodeBlocks_project_file>
	<FileVersion major="1" minor="6" />
	<Project>
		<Option title="Solaria 0.0.1" />
		<Option pch_mode="2" />
		<Option compiler="gcc" />
		<Build>
			<Target title="Debug">
				<Option output="bin/Debug/Solaria 0.0" prefix_auto="1" extension_auto="1" />
				<Option object_output="obj/Debug/" />
				<Option type="1" />
				<Option compiler="gcc" />
				<Compiler>
					<Add option="-g" />
					<Add directory="include/modules" />
					<Add directory="include/debug" />
					<Add directory="include" />
					<Add directory="include/physics" />
					<Add directory="include/entities" />
				</Compiler>
			</Target>
			<Target title="Release">
				<Option output="bin/Release/Solaria 0" prefix_auto="1" extension_auto="1" />
				<Option object_output="obj/Release/" />
				<Option type="1" />
				<Option compiler="gcc" />
				<Compiler>
					<Add option="-O2" />
					<Add directory="include/modules" />
					<Add directory="include/debug" />
					<Add directory="include" />
					<Add directory="include/physics" />
					<Add directory="include/entities" />
				</Compiler>
				<Linker>
					<Add option="-s" />
				</Linker>
			</Target>
		</Build>
		<Compiler>
			<Add option="-Wall" />
			<Add option="-fexceptions" />
		</Compiler>
		<Unit filename="include/debug/consolecmd.h" />
		<Unit filename="include/debug/print_ship_info.h" />
		<Unit filename="include/entities/entity.h" />
		<Unit filename="include/entities/ship.h" />
		<Unit filename="include/interface.h" />
		<Unit filename="include/modules/mod_armor.h" />
		<Unit filename="include/modules/mod_capacitor.h" />
		<Unit filename="include/modules/mod_hardpoint.h" />
		<Unit filename="include/modules/mod_hyperdrive.h" />
		<Unit filename="include/modules/mod_inertial.h" />
		<Unit filename="include/modules/mod_lrsensor.h" />
		<Unit filename="include/modules/mod_reactor.h" />
		<Unit filename="include/modules/mod_shield.h" />
		<Unit filename="include/modules/mod_srsensor.h" />
		<Unit filename="include/modules/mod_thruster.h" />
		<Unit filename="include/physics/physics.h" />
		<Unit filename="include/uni.h" />
		<Unit filename="main.cpp" />
		<Unit filename="src/debug/consolecmd.cpp" />
		<Unit filename="src/debug/print_ship_info.cpp" />
		<Unit filename="src/entities/entity.cpp" />
		<Unit filename="src/entities/ship.cpp" />
		<Unit filename="src/modules/mod_armor.cpp" />
		<Unit filename="src/modules/mod_capacitor.cpp" />
		<Unit filename="src/modules/mod_hardpoint.cpp" />
		<Unit filename="src/modules/mod_hyperdrive.cpp" />
		<Unit filename="src/modules/mod_inertial.cpp" />
		<Unit filename="src/modules/mod_lrsensor.cpp" />
		<Unit filename="src/modules/mod_reactor.cpp" />
		<Unit filename="src/modules/mod_shield.cpp" />
		<Unit filename="src/modules/mod_srsensor.cpp" />
		<Unit filename="src/modules/mod_thruster.cpp" />
		<Unit filename="src/physics/lin_accel.cpp" />
		<Unit filename="src/physics/lin_move.cpp" />
		<Unit filename="src/physics/rot_accel.cpp" />
		<Unit filename="src/physics/rot_move.cpp" />
		<Unit filename="src/read_keyboard.cpp" />
		<Unit filename="src/uni.cpp" />
		<Extensions>
			<code_completion />
			<envvars />
			<debugger />
			<lib_finder disable_auto="1" />
		</Extensions>
	</Project>
</CodeBlocks_project_file>
